
Microsoft Visual Studio Solution File, Format Version 12.00
# Visual Studio Version 17
VisualStudioVersion = 17.5.33627.172
MinimumVisualStudioVersion = 10.0.40219.1
Project("{FAE04EC0-301F-11D3-BF4B-00C04F79EFBC}") = "Labb4API", "Labb4API\Labb4API.csproj", "{9E549F27-D436-4937-BBD5-C1BF12DE2B4E}"
EndProject
Project("{FAE04EC0-301F-11D3-BF4B-00C04F79EFBC}") = "Labb4Models", "Labb4Models\Labb4Models.csproj", "{44B7F6E4-4820-45DD-9B61-159B91F04BAD}"
EndProject
Global
	GlobalSection(SolutionConfigurationPlatforms) = preSolution
		Debug|Any CPU = Debug|Any CPU
		Release|Any CPU = Release|Any CPU
	EndGlobalSection
	GlobalSection(ProjectConfigurationPlatforms) = postSolution
		{9E549F27-D436-4937-BBD5-C1BF12DE2B4E}.Debug|Any CPU.ActiveCfg = Debug|Any CPU
		{9E549F27-D436-4937-BBD5-C1BF12DE2B4E}.Debug|Any CPU.Build.0 = Debug|Any CPU
		{9E549F27-D436-4937-BBD5-C1BF12DE2B4E}.Release|Any CPU.ActiveCfg = Release|Any CPU
		{9E549F27-D436-4937-BBD5-C1BF12DE2B4E}.Release|Any CPU.Build.0 = Release|Any CPU
		{44B7F6E4-4820-45DD-9B61-159B91F04BAD}.Debug|Any CPU.ActiveCfg = Debug|Any CPU
		{44B7F6E4-4820-45DD-9B61-159B91F04BAD}.Debug|Any CPU.Build.0 = Debug|Any CPU
		{44B7F6E4-4820-45DD-9B61-159B91F04BAD}.Release|Any CPU.ActiveCfg = Release|Any CPU
		{44B7F6E4-4820-45DD-9B61-159B91F04BAD}.Release|Any CPU.Build.0 = Release|Any CPU
	EndGlobalSection
	GlobalSection(SolutionProperties) = preSolution
		HideSolutionNode = FALSE
	EndGlobalSection
	GlobalSection(ExtensibilityGlobals) = postSolution
		SolutionGuid = {FB0430E5-692A-4D56-93E5-4D9FB331D70A}
	EndGlobalSection
EndGlobal
